
Microsoft Visual Studio Solution File, Format Version 12.00
# Visual Studio Version 17
VisualStudioVersion = 17.10.35027.167
MinimumVisualStudioVersion = 10.0.40219.1
Project("{FAE04EC0-301F-11D3-BF4B-00C04F79EFBC}") = "AlloK8.DAL", "src\AlloK8.DAL\AlloK8.DAL.csproj", "{2750D9D2-993D-4BF3-811B-7244EA491126}"
EndProject
Project("{FAE04EC0-301F-11D3-BF4B-00C04F79EFBC}") = "AlloK8.BLL", "src\AlloK8.BLL\AlloK8.BLL.csproj", "{400C79A0-9C85-48CB-947C-0191D6A94529}"
EndProject
Project("{FAE04EC0-301F-11D3-BF4B-00C04F79EFBC}") = "AlloK8.PL", "src\AlloK8.PL\AlloK8.PL.csproj", "{8E22A500-CAA8-4271-9C6C-E3CE2E467FB0}"
EndProject
Project("{FAE04EC0-301F-11D3-BF4B-00C04F79EFBC}") = "AlloK8.Common", "src\AlloK8.Common\AlloK8.Common.csproj", "{7717A7A9-35ED-4524-915F-7DC0C1B0104A}"
EndProject
Project("{2150E333-8FDC-42A3-9474-1A3956D46DE8}") = "SolutionFiles", "SolutionFiles", "{4B7A4F27-0123-433A-BE63-6F057945A4EA}"
	ProjectSection(SolutionItems) = preProject
		README.md = README.md
		.gitignore = .gitignore
		AlloK8.ruleset = AlloK8.ruleset
		stylecop.json = stylecop.json
	EndProjectSection
EndProject
Project("{FAE04EC0-301F-11D3-BF4B-00C04F79EFBC}") = "AlloK8.BLL.Tests", "src\AlloK8.BLL.Tests\AlloK8.BLL.Tests.csproj", "{A257C854-A247-4273-B2D1-13F44632D37E}"
EndProject
Global
	GlobalSection(SolutionConfigurationPlatforms) = preSolution
		Debug|Any CPU = Debug|Any CPU
		Release|Any CPU = Release|Any CPU
	EndGlobalSection
	GlobalSection(ProjectConfigurationPlatforms) = postSolution
		{2750D9D2-993D-4BF3-811B-7244EA491126}.Debug|Any CPU.ActiveCfg = Debug|Any CPU
		{2750D9D2-993D-4BF3-811B-7244EA491126}.Debug|Any CPU.Build.0 = Debug|Any CPU
		{2750D9D2-993D-4BF3-811B-7244EA491126}.Release|Any CPU.ActiveCfg = Release|Any CPU
		{2750D9D2-993D-4BF3-811B-7244EA491126}.Release|Any CPU.Build.0 = Release|Any CPU
		{400C79A0-9C85-48CB-947C-0191D6A94529}.Debug|Any CPU.ActiveCfg = Debug|Any CPU
		{400C79A0-9C85-48CB-947C-0191D6A94529}.Debug|Any CPU.Build.0 = Debug|Any CPU
		{400C79A0-9C85-48CB-947C-0191D6A94529}.Release|Any CPU.ActiveCfg = Release|Any CPU
		{400C79A0-9C85-48CB-947C-0191D6A94529}.Release|Any CPU.Build.0 = Release|Any CPU
		{8E22A500-CAA8-4271-9C6C-E3CE2E467FB0}.Debug|Any CPU.ActiveCfg = Debug|Any CPU
		{8E22A500-CAA8-4271-9C6C-E3CE2E467FB0}.Debug|Any CPU.Build.0 = Debug|Any CPU
		{8E22A500-CAA8-4271-9C6C-E3CE2E467FB0}.Release|Any CPU.ActiveCfg = Release|Any CPU
		{8E22A500-CAA8-4271-9C6C-E3CE2E467FB0}.Release|Any CPU.Build.0 = Release|Any CPU
		{7717A7A9-35ED-4524-915F-7DC0C1B0104A}.Debug|Any CPU.ActiveCfg = Debug|Any CPU
		{7717A7A9-35ED-4524-915F-7DC0C1B0104A}.Debug|Any CPU.Build.0 = Debug|Any CPU
		{7717A7A9-35ED-4524-915F-7DC0C1B0104A}.Release|Any CPU.ActiveCfg = Release|Any CPU
		{7717A7A9-35ED-4524-915F-7DC0C1B0104A}.Release|Any CPU.Build.0 = Release|Any CPU
		{A257C854-A247-4273-B2D1-13F44632D37E}.Debug|Any CPU.ActiveCfg = Debug|Any CPU
		{A257C854-A247-4273-B2D1-13F44632D37E}.Debug|Any CPU.Build.0 = Debug|Any CPU
		{A257C854-A247-4273-B2D1-13F44632D37E}.Release|Any CPU.ActiveCfg = Release|Any CPU
		{A257C854-A247-4273-B2D1-13F44632D37E}.Release|Any CPU.Build.0 = Release|Any CPU
	EndGlobalSection
	GlobalSection(SolutionProperties) = preSolution
		HideSolutionNode = FALSE
	EndGlobalSection
	GlobalSection(ExtensibilityGlobals) = postSolution
		SolutionGuid = {1D7AD30F-08F1-43D1-AB61-BFF5A9564C65}
	EndGlobalSection
	GlobalSection(NestedProjects) = preSolution
	EndGlobalSection
EndGlobal
